
Microsoft Visual Studio Solution File, Format Version 12.00
# Visual Studio Version 17
VisualStudioVersion = 17.11.35017.193
MinimumVisualStudioVersion = 10.0.40219.1
Project("{9A19103F-16F7-4668-BE54-9A1E7A4F7556}") = "NetcodeHubPackages", "NetcodeHubPackages\NetcodeHubPackages.csproj", "{DB9EB690-D9C5-49DE-B214-EA1F6CDD45DA}"
EndProject
Global
	GlobalSection(SolutionConfigurationPlatforms) = preSolution
		Debug|Any CPU = Debug|Any CPU
		Release|Any CPU = Release|Any CPU
	EndGlobalSection
	GlobalSection(ProjectConfigurationPlatforms) = postSolution
		{DB9EB690-D9C5-49DE-B214-EA1F6CDD45DA}.Debug|Any CPU.ActiveCfg = Debug|Any CPU
		{DB9EB690-D9C5-49DE-B214-EA1F6CDD45DA}.Debug|Any CPU.Build.0 = Debug|Any CPU
		{DB9EB690-D9C5-49DE-B214-EA1F6CDD45DA}.Release|Any CPU.ActiveCfg = Release|Any CPU
		{DB9EB690-D9C5-49DE-B214-EA1F6CDD45DA}.Release|Any CPU.Build.0 = Release|Any CPU
	EndGlobalSection
	GlobalSection(SolutionProperties) = preSolution
		HideSolutionNode = FALSE
	EndGlobalSection
	GlobalSection(ExtensibilityGlobals) = postSolution
		SolutionGuid = {413306CE-9F3B-46E7-ABB6-985F68C2C70B}
	EndGlobalSection
EndGlobal
